
Microsoft Visual Studio Solution File, Format Version 12.00
# Visual Studio Version 17
VisualStudioVersion = 17.11.35303.130
MinimumVisualStudioVersion = 10.0.40219.1
Project("{FAE04EC0-301F-11D3-BF4B-00C04F79EFBC}") = "ParkeringsHuset", "ConsoleApp1\ParkeringsHuset.csproj", "{30EC0194-016C-479F-B8B3-7D7F314D17FD}"
EndProject
Global
	GlobalSection(SolutionConfigurationPlatforms) = preSolution
		Debug|Any CPU = Debug|Any CPU
		Release|Any CPU = Release|Any CPU
	EndGlobalSection
	GlobalSection(ProjectConfigurationPlatforms) = postSolution
		{30EC0194-016C-479F-B8B3-7D7F314D17FD}.Debug|Any CPU.ActiveCfg = Debug|Any CPU
		{30EC0194-016C-479F-B8B3-7D7F314D17FD}.Debug|Any CPU.Build.0 = Debug|Any CPU
		{30EC0194-016C-479F-B8B3-7D7F314D17FD}.Release|Any CPU.ActiveCfg = Release|Any CPU
		{30EC0194-016C-479F-B8B3-7D7F314D17FD}.Release|Any CPU.Build.0 = Release|Any CPU
	EndGlobalSection
	GlobalSection(SolutionProperties) = preSolution
		HideSolutionNode = FALSE
	EndGlobalSection
	GlobalSection(ExtensibilityGlobals) = postSolution
		SolutionGuid = {8A1261E1-CAE9-4923-B004-F20D9935CBD4}
	EndGlobalSection
EndGlobal
